
Microsoft Visual Studio Solution File, Format Version 12.00
# Visual Studio 15
VisualStudioVersion = 15.0.27428.2037
MinimumVisualStudioVersion = 10.0.40219.1
Project("{8BC9CEB8-8B4A-11D0-8D11-00A0C91BC942}") = "CETC", "CETC\CETC.vcxproj", "{0AB40A96-DB88-4496-92AF-7636DF4F75D4}"
EndProject
Project("{54435603-DBB4-11D2-8724-00A0C9A8B90C}") = "CETC_Install", "CETC_Install\CETC_Install.vdproj", "{B838812E-DA5D-4D81-B2AC-AB9F44E34454}"
EndProject
Global
	GlobalSection(SolutionConfigurationPlatforms) = preSolution
		Debug|x64 = Debug|x64
		Debug|x86 = Debug|x86
		Release|x64 = Release|x64
		Release|x86 = Release|x86
	EndGlobalSection
	GlobalSection(ProjectConfigurationPlatforms) = postSolution
		{0AB40A96-DB88-4496-92AF-7636DF4F75D4}.Debug|x64.ActiveCfg = Debug|x64
		{0AB40A96-DB88-4496-92AF-7636DF4F75D4}.Debug|x64.Build.0 = Debug|x64
		{0AB40A96-DB88-4496-92AF-7636DF4F75D4}.Debug|x86.ActiveCfg = Debug|Win32
		{0AB40A96-DB88-4496-92AF-7636DF4F75D4}.Debug|x86.Build.0 = Debug|Win32
		{0AB40A96-DB88-4496-92AF-7636DF4F75D4}.Release|x64.ActiveCfg = Release|x64
		{0AB40A96-DB88-4496-92AF-7636DF4F75D4}.Release|x64.Build.0 = Release|x64
		{0AB40A96-DB88-4496-92AF-7636DF4F75D4}.Release|x86.ActiveCfg = Release|Win32
		{0AB40A96-DB88-4496-92AF-7636DF4F75D4}.Release|x86.Build.0 = Release|Win32
		{B838812E-DA5D-4D81-B2AC-AB9F44E34454}.Debug|x64.ActiveCfg = Debug
		{B838812E-DA5D-4D81-B2AC-AB9F44E34454}.Debug|x86.ActiveCfg = Debug
		{B838812E-DA5D-4D81-B2AC-AB9F44E34454}.Release|x64.ActiveCfg = Release
		{B838812E-DA5D-4D81-B2AC-AB9F44E34454}.Release|x86.ActiveCfg = Release
	EndGlobalSection
	GlobalSection(SolutionProperties) = preSolution
		HideSolutionNode = FALSE
	EndGlobalSection
	GlobalSection(ExtensibilityGlobals) = postSolution
		SolutionGuid = {74AAE1E6-4FE0-4924-94A2-8015605D32BC}
	EndGlobalSection
EndGlobal
